// !$*UTF8*$!
{
	archiveVersion = 1;
	classes = {
	};
	objectVersion = 50;
	objects = {

/* Begin PBXBuildFile section */
		CA1630D9266A531F0062ADE8 /* AppDelegate.swift in Sources */ = {isa = PBXBuildFile; fileRef = CA1630D8266A531F0062ADE8 /* AppDelegate.swift */; };
		CA1630DB266A531F0062ADE8 /* ViewController.swift in Sources */ = {isa = PBXBuildFile; fileRef = CA1630DA266A531F0062ADE8 /* ViewController.swift */; };
		CA1630DD266A53210062ADE8 /* Assets.xcassets in Resources */ = {isa = PBXBuildFile; fileRef = CA1630DC266A53210062ADE8 /* Assets.xcassets */; };
		CA1630E0266A53210062ADE8 /* Main.storyboard in Resources */ = {isa = PBXBuildFile; fileRef = CA1630DE266A53210062ADE8 /* Main.storyboard */; };
		CA1630E9266A53340062ADE8 /* APIClient.swift in Sources */ = {isa = PBXBuildFile; fileRef = CA1630E8266A53340062ADE8 /* APIClient.swift */; };
		CA1630EB266A60910062ADE8 /* Models.swift in Sources */ = {isa = PBXBuildFile; fileRef = CA1630EA266A60910062ADE8 /* Models.swift */; };
		CA1630EF266A6B6A0062ADE8 /* UpdatedAtMenuItem.swift in Sources */ = {isa = PBXBuildFile; fileRef = CA1630EE266A6B6A0062ADE8 /* UpdatedAtMenuItem.swift */; };
		CA1630F5266AB56F0062ADE8 /* UserDefaults+Extensions.swift in Sources */ = {isa = PBXBuildFile; fileRef = CA1630F4266AB56F0062ADE8 /* UserDefaults+Extensions.swift */; };
		CA6681B8266B9071006CD1EF /* Logger+Default.swift in Sources */ = {isa = PBXBuildFile; fileRef = CA6681B7266B9071006CD1EF /* Logger+Default.swift */; };
		CA892996266BA08500ECC545 /* Localizable.strings in Resources */ = {isa = PBXBuildFile; fileRef = CA892998266BA08500ECC545 /* Localizable.strings */; };
		CA89299B266BAD9100ECC545 /* notification.wav in Resources */ = {isa = PBXBuildFile; fileRef = CA89299A266BAD9100ECC545 /* notification.wav */; };
/* End PBXBuildFile section */

/* Begin PBXFileReference section */
		CA1630D5266A531F0062ADE8 /* VaccinationMonitor.app */ = {isa = PBXFileReference; explicitFileType = wrapper.application; includeInIndex = 0; path = VaccinationMonitor.app; sourceTree = BUILT_PRODUCTS_DIR; };
		CA1630D8266A531F0062ADE8 /* AppDelegate.swift */ = {isa = PBXFileReference; lastKnownFileType = sourcecode.swift; path = AppDelegate.swift; sourceTree = "<group>"; };
		CA1630DA266A531F0062ADE8 /* ViewController.swift */ = {isa = PBXFileReference; lastKnownFileType = sourcecode.swift; path = ViewController.swift; sourceTree = "<group>"; };
		CA1630DC266A53210062ADE8 /* Assets.xcassets */ = {isa = PBXFileReference; lastKnownFileType = folder.assetcatalog; path = Assets.xcassets; sourceTree = "<group>"; };
		CA1630DF266A53210062ADE8 /* Base */ = {isa = PBXFileReference; lastKnownFileType = file.storyboard; name = Base; path = Base.lproj/Main.storyboard; sourceTree = "<group>"; };
		CA1630E1266A53210062ADE8 /* Info.plist */ = {isa = PBXFileReference; lastKnownFileType = text.plist.xml; path = Info.plist; sourceTree = "<group>"; };
		CA1630E2266A53210062ADE8 /* VaccinationMonitor.entitlements */ = {isa = PBXFileReference; lastKnownFileType = text.plist.entitlements; path = VaccinationMonitor.entitlements; sourceTree = "<group>"; };
		CA1630E8266A53340062ADE8 /* APIClient.swift */ = {isa = PBXFileReference; lastKnownFileType = sourcecode.swift; path = APIClient.swift; sourceTree = "<group>"; };
		CA1630EA266A60910062ADE8 /* Models.swift */ = {isa = PBXFileReference; lastKnownFileType = sourcecode.swift; path = Models.swift; sourceTree = "<group>"; };
		CA1630EE266A6B6A0062ADE8 /* UpdatedAtMenuItem.swift */ = {isa = PBXFileReference; lastKnownFileType = sourcecode.swift; path = UpdatedAtMenuItem.swift; sourceTree = "<group>"; };
		CA1630F4266AB56F0062ADE8 /* UserDefaults+Extensions.swift */ = {isa = PBXFileReference; lastKnownFileType = sourcecode.swift; path = "UserDefaults+Extensions.swift"; sourceTree = "<group>"; };
		CA6681B7266B9071006CD1EF /* Logger+Default.swift */ = {isa = PBXFileReference; lastKnownFileType = sourcecode.swift; path = "Logger+Default.swift"; sourceTree = "<group>"; };
		CA6681BD266B9EFE006CD1EF /* de */ = {isa = PBXFileReference; lastKnownFileType = text.plist.strings; name = de; path = de.lproj/Main.strings; sourceTree = "<group>"; };
		CA6681BF266B9F04006CD1EF /* en */ = {isa = PBXFileReference; lastKnownFileType = text.plist.strings; name = en; path = en.lproj/Main.strings; sourceTree = "<group>"; };
		CA892997266BA08500ECC545 /* en */ = {isa = PBXFileReference; lastKnownFileType = text.plist.strings; name = en; path = en.lproj/Localizable.strings; sourceTree = "<group>"; };
		CA892999266BA08900ECC545 /* de */ = {isa = PBXFileReference; lastKnownFileType = text.plist.strings; name = de; path = de.lproj/Localizable.strings; sourceTree = "<group>"; };
		CA89299A266BAD9100ECC545 /* notification.wav */ = {isa = PBXFileReference; lastKnownFileType = audio.wav; path = notification.wav; sourceTree = "<group>"; };
/* End PBXFileReference section */

/* Begin PBXFrameworksBuildPhase section */
		CA1630D2266A531F0062ADE8 /* Frameworks */ = {
			isa = PBXFrameworksBuildPhase;
			buildActionMask = 2147483647;
			files = (
			);
			runOnlyForDeploymentPostprocessing = 0;
		};
/* End PBXFrameworksBuildPhase section */

/* Begin PBXGroup section */
		CA1630CC266A531F0062ADE8 = {
			isa = PBXGroup;
			children = (
				CA1630D7266A531F0062ADE8 /* VaccinationMonitor */,
				CA1630D6266A531F0062ADE8 /* Products */,
			);
			sourceTree = "<group>";
		};
		CA1630D6266A531F0062ADE8 /* Products */ = {
			isa = PBXGroup;
			children = (
				CA1630D5266A531F0062ADE8 /* VaccinationMonitor.app */,
			);
			name = Products;
			sourceTree = "<group>";
		};
		CA1630D7266A531F0062ADE8 /* VaccinationMonitor */ = {
			isa = PBXGroup;
			children = (
				CA1630E8266A53340062ADE8 /* APIClient.swift */,
				CA1630D8266A531F0062ADE8 /* AppDelegate.swift */,
				CA1630DC266A53210062ADE8 /* Assets.xcassets */,
				CA1630E1266A53210062ADE8 /* Info.plist */,
				CA1630DE266A53210062ADE8 /* Main.storyboard */,
				CA1630EA266A60910062ADE8 /* Models.swift */,
				CA89299A266BAD9100ECC545 /* notification.wav */,
				CA1630EE266A6B6A0062ADE8 /* UpdatedAtMenuItem.swift */,
				CA1630F4266AB56F0062ADE8 /* UserDefaults+Extensions.swift */,
				CA1630E2266A53210062ADE8 /* VaccinationMonitor.entitlements */,
				CA1630DA266A531F0062ADE8 /* ViewController.swift */,
				CA6681B7266B9071006CD1EF /* Logger+Default.swift */,
				CA892998266BA08500ECC545 /* Localizable.strings */,
			);
			path = VaccinationMonitor;
			sourceTree = "<group>";
		};
/* End PBXGroup section */

/* Begin PBXNativeTarget section */
		CA1630D4266A531F0062ADE8 /* VaccinationMonitor */ = {
			isa = PBXNativeTarget;
			buildConfigurationList = CA1630E5266A53210062ADE8 /* Build configuration list for PBXNativeTarget "VaccinationMonitor" */;
			buildPhases = (
				CA6681B9266B99B1006CD1EF /* SwiftLint */,
				CA1630D1266A531F0062ADE8 /* Sources */,
				CA1630D2266A531F0062ADE8 /* Frameworks */,
				CA1630D3266A531F0062ADE8 /* Resources */,
			);
			buildRules = (
			);
			dependencies = (
			);
			name = VaccinationMonitor;
			productName = VaccinationMonitor;
			productReference = CA1630D5266A531F0062ADE8 /* VaccinationMonitor.app */;
			productType = "com.apple.product-type.application";
		};
/* End PBXNativeTarget section */

/* Begin PBXProject section */
		CA1630CD266A531F0062ADE8 /* Project object */ = {
			isa = PBXProject;
			attributes = {
				LastSwiftUpdateCheck = 1250;
				LastUpgradeCheck = 1250;
				TargetAttributes = {
					CA1630D4266A531F0062ADE8 = {
						CreatedOnToolsVersion = 12.5;
					};
				};
			};
			buildConfigurationList = CA1630D0266A531F0062ADE8 /* Build configuration list for PBXProject "VaccinationMonitor" */;
			compatibilityVersion = "Xcode 9.3";
			developmentRegion = en;
			hasScannedForEncodings = 0;
			knownRegions = (
				en,
				Base,
				de,
			);
			mainGroup = CA1630CC266A531F0062ADE8;
			productRefGroup = CA1630D6266A531F0062ADE8 /* Products */;
			projectDirPath = "";
			projectRoot = "";
			targets = (
				CA1630D4266A531F0062ADE8 /* VaccinationMonitor */,
			);
		};
/* End PBXProject section */

/* Begin PBXResourcesBuildPhase section */
		CA1630D3266A531F0062ADE8 /* Resources */ = {
			isa = PBXResourcesBuildPhase;
			buildActionMask = 2147483647;
			files = (
				CA1630DD266A53210062ADE8 /* Assets.xcassets in Resources */,
				CA892996266BA08500ECC545 /* Localizable.strings in Resources */,
				CA1630E0266A53210062ADE8 /* Main.storyboard in Resources */,
				CA89299B266BAD9100ECC545 /* notification.wav in Resources */,
			);
			runOnlyForDeploymentPostprocessing = 0;
		};
/* End PBXResourcesBuildPhase section */

/* Begin PBXShellScriptBuildPhase section */
		CA6681B9266B99B1006CD1EF /* SwiftLint */ = {
			isa = PBXShellScriptBuildPhase;
			buildActionMask = 2147483647;
			files = (
			);
			inputFileListPaths = (
			);
			inputPaths = (
			);
			name = SwiftLint;
			outputFileListPaths = (
			);
			outputPaths = (
			);
			runOnlyForDeploymentPostprocessing = 0;
			shellPath = /bin/sh;
			shellScript = "# Type a script or drag a script file from your workspace to insert its path.\nexport PATH=\"$PATH:/opt/homebrew/bin\"\nif which swiftlint >/dev/null; then\n  swiftlint\nelse\n  echo \"warning: SwiftLint not installed, download from https://github.com/realm/SwiftLint\"\nfi\n";
		};
/* End PBXShellScriptBuildPhase section */

/* Begin PBXSourcesBuildPhase section */
		CA1630D1266A531F0062ADE8 /* Sources */ = {
			isa = PBXSourcesBuildPhase;
			buildActionMask = 2147483647;
			files = (
				CA1630DB266A531F0062ADE8 /* ViewController.swift in Sources */,
				CA1630EF266A6B6A0062ADE8 /* UpdatedAtMenuItem.swift in Sources */,
				CA1630D9266A531F0062ADE8 /* AppDelegate.swift in Sources */,
				CA1630E9266A53340062ADE8 /* APIClient.swift in Sources */,
				CA1630F5266AB56F0062ADE8 /* UserDefaults+Extensions.swift in Sources */,
				CA6681B8266B9071006CD1EF /* Logger+Default.swift in Sources */,
				CA1630EB266A60910062ADE8 /* Models.swift in Sources */,
			);
			runOnlyForDeploymentPostprocessing = 0;
		};
/* End PBXSourcesBuildPhase section */

/* Begin PBXVariantGroup section */
		CA1630DE266A53210062ADE8 /* Main.storyboard */ = {
			isa = PBXVariantGroup;
			children = (
				CA1630DF266A53210062ADE8 /* Base */,
				CA6681BD266B9EFE006CD1EF /* de */,
				CA6681BF266B9F04006CD1EF /* en */,
			);
			name = Main.storyboard;
			sourceTree = "<group>";
		};
		CA892998266BA08500ECC545 /* Localizable.strings */ = {
			isa = PBXVariantGroup;
			children = (
				CA892997266BA08500ECC545 /* en */,
				CA892999266BA08900ECC545 /* de */,
			);
			name = Localizable.strings;
			sourceTree = "<group>";
		};
/* End PBXVariantGroup section */

/* Begin XCBuildConfiguration section */
		CA1630E3266A53210062ADE8 /* Debug */ = {
			isa = XCBuildConfiguration;
			buildSettings = {
				ALWAYS_SEARCH_USER_PATHS = NO;
				CLANG_ANALYZER_LOCALIZABILITY_NONLOCALIZED = YES;
				CLANG_ANALYZER_NONNULL = YES;
				CLANG_ANALYZER_NUMBER_OBJECT_CONVERSION = YES_AGGRESSIVE;
				CLANG_CXX_LANGUAGE_STANDARD = "gnu++14";
				CLANG_CXX_LIBRARY = "libc++";
				CLANG_ENABLE_MODULES = YES;
				CLANG_ENABLE_OBJC_ARC = YES;
				CLANG_ENABLE_OBJC_WEAK = YES;
				CLANG_WARN_BLOCK_CAPTURE_AUTORELEASING = YES;
				CLANG_WARN_BOOL_CONVERSION = YES;
				CLANG_WARN_COMMA = YES;
				CLANG_WARN_CONSTANT_CONVERSION = YES;
				CLANG_WARN_DEPRECATED_OBJC_IMPLEMENTATIONS = YES;
				CLANG_WARN_DIRECT_OBJC_ISA_USAGE = YES_ERROR;
				CLANG_WARN_DOCUMENTATION_COMMENTS = YES;
				CLANG_WARN_EMPTY_BODY = YES;
				CLANG_WARN_ENUM_CONVERSION = YES;
				CLANG_WARN_INFINITE_RECURSION = YES;
				CLANG_WARN_INT_CONVERSION = YES;
				CLANG_WARN_NON_LITERAL_NULL_CONVERSION = YES;
				CLANG_WARN_OBJC_IMPLICIT_RETAIN_SELF = YES;
				CLANG_WARN_OBJC_LITERAL_CONVERSION = YES;
				CLANG_WARN_OBJC_ROOT_CLASS = YES_ERROR;
				CLANG_WARN_QUOTED_INCLUDE_IN_FRAMEWORK_HEADER = YES;
				CLANG_WARN_RANGE_LOOP_ANALYSIS = YES;
				CLANG_WARN_STRICT_PROTOTYPES = YES;
				CLANG_WARN_SUSPICIOUS_MOVE = YES;
				CLANG_WARN_UNGUARDED_AVAILABILITY = YES_AGGRESSIVE;
				CLANG_WARN_UNREACHABLE_CODE = YES;
				CLANG_WARN__DUPLICATE_METHOD_MATCH = YES;
				COPY_PHASE_STRIP = NO;
				DEBUG_INFORMATION_FORMAT = dwarf;
				ENABLE_STRICT_OBJC_MSGSEND = YES;
				ENABLE_TESTABILITY = YES;
				GCC_C_LANGUAGE_STANDARD = gnu11;
				GCC_DYNAMIC_NO_PIC = NO;
				GCC_NO_COMMON_BLOCKS = YES;
				GCC_OPTIMIZATION_LEVEL = 0;
				GCC_PREPROCESSOR_DEFINITIONS = (
					"DEBUG=1",
					"$(inherited)",
				);
				GCC_WARN_64_TO_32_BIT_CONVERSION = YES;
				GCC_WARN_ABOUT_RETURN_TYPE = YES_ERROR;
				GCC_WARN_UNDECLARED_SELECTOR = YES;
				GCC_WARN_UNINITIALIZED_AUTOS = YES_AGGRESSIVE;
				GCC_WARN_UNUSED_FUNCTION = YES;
				GCC_WARN_UNUSED_VARIABLE = YES;
				MACOSX_DEPLOYMENT_TARGET = 11.0;
				MTL_ENABLE_DEBUG_INFO = INCLUDE_SOURCE;
				MTL_FAST_MATH = YES;
				ONLY_ACTIVE_ARCH = YES;
				SDKROOT = macosx;
				SWIFT_ACTIVE_COMPILATION_CONDITIONS = DEBUG;
				SWIFT_OPTIMIZATION_LEVEL = "-Onone";
			};
			name = Debug;
		};
		CA1630E4266A53210062ADE8 /* Release */ = {
			isa = XCBuildConfiguration;
			buildSettings = {
				ALWAYS_SEARCH_USER_PATHS = NO;
				CLANG_ANALYZER_LOCALIZABILITY_NONLOCALIZED = YES;
				CLANG_ANALYZER_NONNULL = YES;
				CLANG_ANALYZER_NUMBER_OBJECT_CONVERSION = YES_AGGRESSIVE;
				CLANG_CXX_LANGUAGE_STANDARD = "gnu++14";
				CLANG_CXX_LIBRARY = "libc++";
				CLANG_ENABLE_MODULES = YES;
				CLANG_ENABLE_OBJC_ARC = YES;
				CLANG_ENABLE_OBJC_WEAK = YES;
				CLANG_WARN_BLOCK_CAPTURE_AUTORELEASING = YES;
				CLANG_WARN_BOOL_CONVERSION = YES;
				CLANG_WARN_COMMA = YES;
				CLANG_WARN_CONSTANT_CONVERSION = YES;
				CLANG_WARN_DEPRECATED_OBJC_IMPLEMENTATIONS = YES;
				CLANG_WARN_DIRECT_OBJC_ISA_USAGE = YES_ERROR;
				CLANG_WARN_DOCUMENTATION_COMMENTS = YES;
				CLANG_WARN_EMPTY_BODY = YES;
				CLANG_WARN_ENUM_CONVERSION = YES;
				CLANG_WARN_INFINITE_RECURSION = YES;
				CLANG_WARN_INT_CONVERSION = YES;
				CLANG_WARN_NON_LITERAL_NULL_CONVERSION = YES;
				CLANG_WARN_OBJC_IMPLICIT_RETAIN_SELF = YES;
				CLANG_WARN_OBJC_LITERAL_CONVERSION = YES;
				CLANG_WARN_OBJC_ROOT_CLASS = YES_ERROR;
				CLANG_WARN_QUOTED_INCLUDE_IN_FRAMEWORK_HEADER = YES;
				CLANG_WARN_RANGE_LOOP_ANALYSIS = YES;
				CLANG_WARN_STRICT_PROTOTYPES = YES;
				CLANG_WARN_SUSPICIOUS_MOVE = YES;
				CLANG_WARN_UNGUARDED_AVAILABILITY = YES_AGGRESSIVE;
				CLANG_WARN_UNREACHABLE_CODE = YES;
				CLANG_WARN__DUPLICATE_METHOD_MATCH = YES;
				COPY_PHASE_STRIP = NO;
				DEBUG_INFORMATION_FORMAT = "dwarf-with-dsym";
				ENABLE_NS_ASSERTIONS = NO;
				ENABLE_STRICT_OBJC_MSGSEND = YES;
				GCC_C_LANGUAGE_STANDARD = gnu11;
				GCC_NO_COMMON_BLOCKS = YES;
				GCC_WARN_64_TO_32_BIT_CONVERSION = YES;
				GCC_WARN_ABOUT_RETURN_TYPE = YES_ERROR;
				GCC_WARN_UNDECLARED_SELECTOR = YES;
				GCC_WARN_UNINITIALIZED_AUTOS = YES_AGGRESSIVE;
				GCC_WARN_UNUSED_FUNCTION = YES;
				GCC_WARN_UNUSED_VARIABLE = YES;
				MACOSX_DEPLOYMENT_TARGET = 11.0;
				MTL_ENABLE_DEBUG_INFO = NO;
				MTL_FAST_MATH = YES;
				SDKROOT = macosx;
				SWIFT_COMPILATION_MODE = wholemodule;
				SWIFT_OPTIMIZATION_LEVEL = "-O";
			};
			name = Release;
		};
		CA1630E6266A53210062ADE8 /* Debug */ = {
			isa = XCBuildConfiguration;
			buildSettings = {
				ASSETCATALOG_COMPILER_APPICON_NAME = AppIcon;
				ASSETCATALOG_COMPILER_GLOBAL_ACCENT_COLOR_NAME = AccentColor;
				CODE_SIGN_ENTITLEMENTS = VaccinationMonitor/VaccinationMonitor.entitlements;
				CODE_SIGN_STYLE = Automatic;
				COMBINE_HIDPI_IMAGES = YES;
				CURRENT_PROJECT_VERSION = 5;
				DEVELOPMENT_TEAM = ES9894LW4A;
				ENABLE_HARDENED_RUNTIME = YES;
				INFOPLIST_FILE = VaccinationMonitor/Info.plist;
				LD_RUNPATH_SEARCH_PATHS = (
					"$(inherited)",
					"@executable_path/../Frameworks",
				);
				MARKETING_VERSION = 1.1.2;
				PRODUCT_BUNDLE_IDENTIFIER = "de.christian-lobach.VaccinationMonitor";
				PRODUCT_NAME = "$(TARGET_NAME)";
				SWIFT_VERSION = 5.0;
			};
			name = Debug;
		};
		CA1630E7266A53210062ADE8 /* Release */ = {
			isa = XCBuildConfiguration;
			buildSettings = {
				ASSETCATALOG_COMPILER_APPICON_NAME = AppIcon;
				ASSETCATALOG_COMPILER_GLOBAL_ACCENT_COLOR_NAME = AccentColor;
				CODE_SIGN_ENTITLEMENTS = VaccinationMonitor/VaccinationMonitor.entitlements;
				CODE_SIGN_STYLE = Automatic;
				COMBINE_HIDPI_IMAGES = YES;
				CURRENT_PROJECT_VERSION = 5;
				DEVELOPMENT_TEAM = ES9894LW4A;
				ENABLE_HARDENED_RUNTIME = YES;
				INFOPLIST_FILE = VaccinationMonitor/Info.plist;
				LD_RUNPATH_SEARCH_PATHS = (
					"$(inherited)",
					"@executable_path/../Frameworks",
				);
				MARKETING_VERSION = 1.1.2;
				PRODUCT_BUNDLE_IDENTIFIER = "de.christian-lobach.VaccinationMonitor";
				PRODUCT_NAME = "$(TARGET_NAME)";
				SWIFT_VERSION = 5.0;
			};
			name = Release;
		};
/* End XCBuildConfiguration section */

/* Begin XCConfigurationList section */
		CA1630D0266A531F0062ADE8 /* Build configuration list for PBXProject "VaccinationMonitor" */ = {
			isa = XCConfigurationList;
			buildConfigurations = (
				CA1630E3266A53210062ADE8 /* Debug */,
				CA1630E4266A53210062ADE8 /* Release */,
			);
			defaultConfigurationIsVisible = 0;
			defaultConfigurationName = Release;
		};
		CA1630E5266A53210062ADE8 /* Build configuration list for PBXNativeTarget "VaccinationMonitor" */ = {
			isa = XCConfigurationList;
			buildConfigurations = (
				CA1630E6266A53210062ADE8 /* Debug */,
				CA1630E7266A53210062ADE8 /* Release */,
			);
			defaultConfigurationIsVisible = 0;
			defaultConfigurationName = Release;
		};
/* End XCConfigurationList section */
	};
	rootObject = CA1630CD266A531F0062ADE8 /* Project object */;
}
